// !$*UTF8*$!
{
	archiveVersion = 1;
	classes = {
	};
	objectVersion = 56;
	objects = {

/* Begin PBXBuildFile section */
		230A474D2911A3F0007C726D /* KeychainSwift in Frameworks */ = {isa = PBXBuildFile; productRef = 230A474C2911A3F0007C726D /* KeychainSwift */; };
		230DEFF72912969900983CA2 /* Keychain.swift in Sources */ = {isa = PBXBuildFile; fileRef = 230DEFF62912969900983CA2 /* Keychain.swift */; };
		230DEFFB29129FAD00983CA2 /* LoginView.swift in Sources */ = {isa = PBXBuildFile; fileRef = 230DEFFA29129FAD00983CA2 /* LoginView.swift */; };
		231766CD291DD6C000A18F80 /* FavoritesHeroesView.swift in Sources */ = {isa = PBXBuildFile; fileRef = 231766CC291DD6C000A18F80 /* FavoritesHeroesView.swift */; };
		2317EF3E29196AC90037F8F5 /* HeroesDetailView.swift in Sources */ = {isa = PBXBuildFile; fileRef = 2317EF3D29196AC90037F8F5 /* HeroesDetailView.swift */; };
		2325E0A8291198BE002BF195 /* DragonBallSwiftUICombineApp.swift in Sources */ = {isa = PBXBuildFile; fileRef = 2325E0A7291198BE002BF195 /* DragonBallSwiftUICombineApp.swift */; };
		2325E0AA291198BE002BF195 /* Persistence.swift in Sources */ = {isa = PBXBuildFile; fileRef = 2325E0A9291198BE002BF195 /* Persistence.swift */; };
		2325E0AD291198BE002BF195 /* DragonBallSwiftUICombine.xcdatamodeld in Sources */ = {isa = PBXBuildFile; fileRef = 2325E0AB291198BE002BF195 /* DragonBallSwiftUICombine.xcdatamodeld */; };
		2325E0AF291198BE002BF195 /* RootView.swift in Sources */ = {isa = PBXBuildFile; fileRef = 2325E0AE291198BE002BF195 /* RootView.swift */; };
		2325E0B1291198BF002BF195 /* Assets.xcassets in Resources */ = {isa = PBXBuildFile; fileRef = 2325E0B0291198BF002BF195 /* Assets.xcassets */; };
		2325E0B5291198BF002BF195 /* Preview Assets.xcassets in Resources */ = {isa = PBXBuildFile; fileRef = 2325E0B4291198BF002BF195 /* Preview Assets.xcassets */; };
		232AE10B2918358A00C7974D /* HeroesViewModel.swift in Sources */ = {isa = PBXBuildFile; fileRef = 232AE10A2918358A00C7974D /* HeroesViewModel.swift */; };
		232AE10D2918376000C7974D /* HeroesView.swift in Sources */ = {isa = PBXBuildFile; fileRef = 232AE10C2918376000C7974D /* HeroesView.swift */; };
		232AE111291881E900C7974D /* HeroesRowView.swift in Sources */ = {isa = PBXBuildFile; fileRef = 232AE110291881E900C7974D /* HeroesRowView.swift */; };
		232AE1152918892400C7974D /* LocalDataModel.swift in Sources */ = {isa = PBXBuildFile; fileRef = 232AE1142918892400C7974D /* LocalDataModel.swift */; };
		232BBB622916F0450081BB54 /* MainView.swift in Sources */ = {isa = PBXBuildFile; fileRef = 232BBB612916F0450081BB54 /* MainView.swift */; };
		232BBB682916F1730081BB54 /* HeroModel.swift in Sources */ = {isa = PBXBuildFile; fileRef = 232BBB672916F1730081BB54 /* HeroModel.swift */; };
		23383E9F291EECF100FA4634 /* NotificationCenter+Extensions.swift in Sources */ = {isa = PBXBuildFile; fileRef = 23383E9E291EECF100FA4634 /* NotificationCenter+Extensions.swift */; };
		235A962B2919735A009D10E0 /* DeveloperModel.swift in Sources */ = {isa = PBXBuildFile; fileRef = 235A962A2919735A009D10E0 /* DeveloperModel.swift */; };
		235A962F2919799E009D10E0 /* DevelopersViewModel.swift in Sources */ = {isa = PBXBuildFile; fileRef = 235A962E2919799E009D10E0 /* DevelopersViewModel.swift */; };
		2373E6C0291AC82E0045771C /* DevelopersView.swift in Sources */ = {isa = PBXBuildFile; fileRef = 2373E6BF291AC82E0045771C /* DevelopersView.swift */; };
		237589762915411700E1C2DE /* StatusModel.swift in Sources */ = {isa = PBXBuildFile; fileRef = 237589752915411700E1C2DE /* StatusModel.swift */; };
		237589782915414800E1C2DE /* RootViewModel.swift in Sources */ = {isa = PBXBuildFile; fileRef = 237589772915414800E1C2DE /* RootViewModel.swift */; };
		2375897B2915424300E1C2DE /* BaseNetwork.swift in Sources */ = {isa = PBXBuildFile; fileRef = 2375897A2915424300E1C2DE /* BaseNetwork.swift */; };
		2380AEEE291BE746007F5C16 /* DevelopersRowView.swift in Sources */ = {isa = PBXBuildFile; fileRef = 2380AEED291BE746007F5C16 /* DevelopersRowView.swift */; };
		23C72EEB291FCBEA0003228F /* DragonBallSwiftUICombineTests.swift in Sources */ = {isa = PBXBuildFile; fileRef = 23C72EEA291FCBEA0003228F /* DragonBallSwiftUICombineTests.swift */; };
		23C72EF3291FCE810003228F /* ViewInspector in Frameworks */ = {isa = PBXBuildFile; productRef = 23C72EF2291FCE810003228F /* ViewInspector */; };
		23C72EF5292013D60003228F /* RegisterModel.swift in Sources */ = {isa = PBXBuildFile; fileRef = 23C72EF4292013D60003228F /* RegisterModel.swift */; };
		23C72EF6292013D60003228F /* RegisterModel.swift in Sources */ = {isa = PBXBuildFile; fileRef = 23C72EF4292013D60003228F /* RegisterModel.swift */; };
		23D27AB5291E8CD80016A1A8 /* FavoritesHeroesRowView.swift in Sources */ = {isa = PBXBuildFile; fileRef = 23D27AB4291E8CD80016A1A8 /* FavoritesHeroesRowView.swift */; };
		23E918722916C78A0042DA84 /* PropertyWrappers.swift in Sources */ = {isa = PBXBuildFile; fileRef = 23E918712916C78A0042DA84 /* PropertyWrappers.swift */; };
		23E918772916CD0E0042DA84 /* LoadingView.swift in Sources */ = {isa = PBXBuildFile; fileRef = 23E918762916CD0E0042DA84 /* LoadingView.swift */; };
		23E9187F2916D2290042DA84 /* ErrorView.swift in Sources */ = {isa = PBXBuildFile; fileRef = 23E9187E2916D2290042DA84 /* ErrorView.swift */; };
/* End PBXBuildFile section */

/* Begin PBXContainerItemProxy section */
		23C72EEC291FCBEA0003228F /* PBXContainerItemProxy */ = {
			isa = PBXContainerItemProxy;
			containerPortal = 2325E09C291198BE002BF195 /* Project object */;
			proxyType = 1;
			remoteGlobalIDString = 2325E0A3291198BE002BF195;
			remoteInfo = DragonBallSwiftUICombine;
		};
/* End PBXContainerItemProxy section */

/* Begin PBXFileReference section */
		230DEFF62912969900983CA2 /* Keychain.swift */ = {isa = PBXFileReference; lastKnownFileType = sourcecode.swift; path = Keychain.swift; sourceTree = "<group>"; };
		230DEFFA29129FAD00983CA2 /* LoginView.swift */ = {isa = PBXFileReference; lastKnownFileType = sourcecode.swift; path = LoginView.swift; sourceTree = "<group>"; };
		230DEFFF2912BBCF00983CA2 /* README.md */ = {isa = PBXFileReference; lastKnownFileType = net.daringfireball.markdown; path = README.md; sourceTree = "<group>"; };
		231766CC291DD6C000A18F80 /* FavoritesHeroesView.swift */ = {isa = PBXFileReference; lastKnownFileType = sourcecode.swift; path = FavoritesHeroesView.swift; sourceTree = "<group>"; };
		2317EF3D29196AC90037F8F5 /* HeroesDetailView.swift */ = {isa = PBXFileReference; lastKnownFileType = sourcecode.swift; path = HeroesDetailView.swift; sourceTree = "<group>"; };
		2325E0A4291198BE002BF195 /* DragonBallSwiftUICombine.app */ = {isa = PBXFileReference; explicitFileType = wrapper.application; includeInIndex = 0; path = DragonBallSwiftUICombine.app; sourceTree = BUILT_PRODUCTS_DIR; };
		2325E0A7291198BE002BF195 /* DragonBallSwiftUICombineApp.swift */ = {isa = PBXFileReference; lastKnownFileType = sourcecode.swift; path = DragonBallSwiftUICombineApp.swift; sourceTree = "<group>"; };
		2325E0A9291198BE002BF195 /* Persistence.swift */ = {isa = PBXFileReference; lastKnownFileType = sourcecode.swift; path = Persistence.swift; sourceTree = "<group>"; };
		2325E0AC291198BE002BF195 /* DragonBallSwiftUICombine.xcdatamodel */ = {isa = PBXFileReference; lastKnownFileType = wrapper.xcdatamodel; path = DragonBallSwiftUICombine.xcdatamodel; sourceTree = "<group>"; };
		2325E0AE291198BE002BF195 /* RootView.swift */ = {isa = PBXFileReference; lastKnownFileType = sourcecode.swift; path = RootView.swift; sourceTree = "<group>"; };
		2325E0B0291198BF002BF195 /* Assets.xcassets */ = {isa = PBXFileReference; lastKnownFileType = folder.assetcatalog; path = Assets.xcassets; sourceTree = "<group>"; };
		2325E0B2291198BF002BF195 /* DragonBallSwiftUICombine.entitlements */ = {isa = PBXFileReference; lastKnownFileType = text.plist.entitlements; path = DragonBallSwiftUICombine.entitlements; sourceTree = "<group>"; };
		2325E0B4291198BF002BF195 /* Preview Assets.xcassets */ = {isa = PBXFileReference; lastKnownFileType = folder.assetcatalog; path = "Preview Assets.xcassets"; sourceTree = "<group>"; };
		232AE10A2918358A00C7974D /* HeroesViewModel.swift */ = {isa = PBXFileReference; lastKnownFileType = sourcecode.swift; path = HeroesViewModel.swift; sourceTree = "<group>"; };
		232AE10C2918376000C7974D /* HeroesView.swift */ = {isa = PBXFileReference; lastKnownFileType = sourcecode.swift; path = HeroesView.swift; sourceTree = "<group>"; };
		232AE110291881E900C7974D /* HeroesRowView.swift */ = {isa = PBXFileReference; lastKnownFileType = sourcecode.swift; path = HeroesRowView.swift; sourceTree = "<group>"; };
		232AE1142918892400C7974D /* LocalDataModel.swift */ = {isa = PBXFileReference; lastKnownFileType = sourcecode.swift; path = LocalDataModel.swift; sourceTree = "<group>"; };
		232BBB612916F0450081BB54 /* MainView.swift */ = {isa = PBXFileReference; lastKnownFileType = sourcecode.swift; path = MainView.swift; sourceTree = "<group>"; };
		232BBB672916F1730081BB54 /* HeroModel.swift */ = {isa = PBXFileReference; lastKnownFileType = sourcecode.swift; path = HeroModel.swift; sourceTree = "<group>"; };
		23383E9E291EECF100FA4634 /* NotificationCenter+Extensions.swift */ = {isa = PBXFileReference; lastKnownFileType = sourcecode.swift; path = "NotificationCenter+Extensions.swift"; sourceTree = "<group>"; };
		235A962A2919735A009D10E0 /* DeveloperModel.swift */ = {isa = PBXFileReference; lastKnownFileType = sourcecode.swift; path = DeveloperModel.swift; sourceTree = "<group>"; };
		235A962E2919799E009D10E0 /* DevelopersViewModel.swift */ = {isa = PBXFileReference; lastKnownFileType = sourcecode.swift; path = DevelopersViewModel.swift; sourceTree = "<group>"; };
		2373E6BF291AC82E0045771C /* DevelopersView.swift */ = {isa = PBXFileReference; lastKnownFileType = sourcecode.swift; path = DevelopersView.swift; sourceTree = "<group>"; };
		237589752915411700E1C2DE /* StatusModel.swift */ = {isa = PBXFileReference; lastKnownFileType = sourcecode.swift; path = StatusModel.swift; sourceTree = "<group>"; };
		237589772915414800E1C2DE /* RootViewModel.swift */ = {isa = PBXFileReference; lastKnownFileType = sourcecode.swift; path = RootViewModel.swift; sourceTree = "<group>"; };
		2375897A2915424300E1C2DE /* BaseNetwork.swift */ = {isa = PBXFileReference; lastKnownFileType = sourcecode.swift; path = BaseNetwork.swift; sourceTree = "<group>"; };
		2380AEED291BE746007F5C16 /* DevelopersRowView.swift */ = {isa = PBXFileReference; lastKnownFileType = sourcecode.swift; path = DevelopersRowView.swift; sourceTree = "<group>"; };
		23C72EE8291FCBEA0003228F /* DragonBallSwiftUICombineTests.xctest */ = {isa = PBXFileReference; explicitFileType = wrapper.cfbundle; includeInIndex = 0; path = DragonBallSwiftUICombineTests.xctest; sourceTree = BUILT_PRODUCTS_DIR; };
		23C72EEA291FCBEA0003228F /* DragonBallSwiftUICombineTests.swift */ = {isa = PBXFileReference; lastKnownFileType = sourcecode.swift; path = DragonBallSwiftUICombineTests.swift; sourceTree = "<group>"; };
		23C72EF4292013D60003228F /* RegisterModel.swift */ = {isa = PBXFileReference; lastKnownFileType = sourcecode.swift; path = RegisterModel.swift; sourceTree = "<group>"; };
		23D27AB4291E8CD80016A1A8 /* FavoritesHeroesRowView.swift */ = {isa = PBXFileReference; lastKnownFileType = sourcecode.swift; path = FavoritesHeroesRowView.swift; sourceTree = "<group>"; };
		23E918712916C78A0042DA84 /* PropertyWrappers.swift */ = {isa = PBXFileReference; lastKnownFileType = sourcecode.swift; path = PropertyWrappers.swift; sourceTree = "<group>"; };
		23E918762916CD0E0042DA84 /* LoadingView.swift */ = {isa = PBXFileReference; lastKnownFileType = sourcecode.swift; path = LoadingView.swift; sourceTree = "<group>"; };
		23E9187E2916D2290042DA84 /* ErrorView.swift */ = {isa = PBXFileReference; lastKnownFileType = sourcecode.swift; path = ErrorView.swift; sourceTree = "<group>"; };
/* End PBXFileReference section */

/* Begin PBXFrameworksBuildPhase section */
		2325E0A1291198BE002BF195 /* Frameworks */ = {
			isa = PBXFrameworksBuildPhase;
			buildActionMask = 2147483647;
			files = (
				230A474D2911A3F0007C726D /* KeychainSwift in Frameworks */,
			);
			runOnlyForDeploymentPostprocessing = 0;
		};
		23C72EE5291FCBEA0003228F /* Frameworks */ = {
			isa = PBXFrameworksBuildPhase;
			buildActionMask = 2147483647;
			files = (
				23C72EF3291FCE810003228F /* ViewInspector in Frameworks */,
			);
			runOnlyForDeploymentPostprocessing = 0;
		};
/* End PBXFrameworksBuildPhase section */

/* Begin PBXGroup section */
		230A472B29119A67007C726D /* Domain */ = {
			isa = PBXGroup;
			children = (
				230A473829119BE4007C726D /* Models */,
				230A472C29119A6C007C726D /* Tools */,
				230A472D29119A7E007C726D /* Services */,
			);
			path = Domain;
			sourceTree = "<group>";
		};
		230A472C29119A6C007C726D /* Tools */ = {
			isa = PBXGroup;
			children = (
				23383E9D291EEC8F00FA4634 /* Extensions */,
				230A473229119ACD007C726D /* CoreData */,
				230DEFF62912969900983CA2 /* Keychain.swift */,
				23E918712916C78A0042DA84 /* PropertyWrappers.swift */,
			);
			path = Tools;
			sourceTree = "<group>";
		};
		230A472D29119A7E007C726D /* Services */ = {
			isa = PBXGroup;
			children = (
				2375897A2915424300E1C2DE /* BaseNetwork.swift */,
			);
			path = Services;
			sourceTree = "<group>";
		};
		230A472E29119A8A007C726D /* UI */ = {
			isa = PBXGroup;
			children = (
				230A473329119AE8007C726D /* Root */,
				23E918752916CCFD0042DA84 /* Common */,
				230A472F29119A8E007C726D /* Login */,
				232BBB5F2916F0200081BB54 /* Main */,
				232BBB692916F6380081BB54 /* Heroes */,
				235A962629197315009D10E0 /* Developers */,
			);
			path = UI;
			sourceTree = "<group>";
		};
		230A472F29119A8E007C726D /* Login */ = {
			isa = PBXGroup;
			children = (
				230A473629119B13007C726D /* Views */,
			);
			path = Login;
			sourceTree = "<group>";
		};
		230A473029119A9D007C726D /* App */ = {
			isa = PBXGroup;
			children = (
				2325E0A7291198BE002BF195 /* DragonBallSwiftUICombineApp.swift */,
			);
			path = App;
			sourceTree = "<group>";
		};
		230A473129119AA3007C726D /* Resources */ = {
			isa = PBXGroup;
			children = (
				2325E0B0291198BF002BF195 /* Assets.xcassets */,
			);
			path = Resources;
			sourceTree = "<group>";
		};
		230A473229119ACD007C726D /* CoreData */ = {
			isa = PBXGroup;
			children = (
				2325E0A9291198BE002BF195 /* Persistence.swift */,
			);
			path = CoreData;
			sourceTree = "<group>";
		};
		230A473329119AE8007C726D /* Root */ = {
			isa = PBXGroup;
			children = (
				230A473429119AEE007C726D /* Views */,
				230A473529119AF6007C726D /* ViewModels */,
			);
			path = Root;
			sourceTree = "<group>";
		};
		230A473429119AEE007C726D /* Views */ = {
			isa = PBXGroup;
			children = (
				2325E0AE291198BE002BF195 /* RootView.swift */,
			);
			path = Views;
			sourceTree = "<group>";
		};
		230A473529119AF6007C726D /* ViewModels */ = {
			isa = PBXGroup;
			children = (
				237589772915414800E1C2DE /* RootViewModel.swift */,
			);
			path = ViewModels;
			sourceTree = "<group>";
		};
		230A473629119B13007C726D /* Views */ = {
			isa = PBXGroup;
			children = (
				230DEFFA29129FAD00983CA2 /* LoginView.swift */,
			);
			path = Views;
			sourceTree = "<group>";
		};
		230A473829119BE4007C726D /* Models */ = {
			isa = PBXGroup;
			children = (
				237589752915411700E1C2DE /* StatusModel.swift */,
				232AE1142918892400C7974D /* LocalDataModel.swift */,
				23C72EF4292013D60003228F /* RegisterModel.swift */,
			);
			path = Models;
			sourceTree = "<group>";
		};
		2325E09B291198BE002BF195 = {
			isa = PBXGroup;
			children = (
				230DEFFF2912BBCF00983CA2 /* README.md */,
				2325E0A6291198BE002BF195 /* DragonBallSwiftUICombine */,
				23C72EE9291FCBEA0003228F /* DragonBallSwiftUICombineTests */,
				2325E0A5291198BE002BF195 /* Products */,
			);
			sourceTree = "<group>";
		};
		2325E0A5291198BE002BF195 /* Products */ = {
			isa = PBXGroup;
			children = (
				2325E0A4291198BE002BF195 /* DragonBallSwiftUICombine.app */,
				23C72EE8291FCBEA0003228F /* DragonBallSwiftUICombineTests.xctest */,
			);
			name = Products;
			sourceTree = "<group>";
		};
		2325E0A6291198BE002BF195 /* DragonBallSwiftUICombine */ = {
			isa = PBXGroup;
			children = (
				230A473029119A9D007C726D /* App */,
				230A472B29119A67007C726D /* Domain */,
				230A472E29119A8A007C726D /* UI */,
				230A473129119AA3007C726D /* Resources */,
				2325E0B2291198BF002BF195 /* DragonBallSwiftUICombine.entitlements */,
				2325E0AB291198BE002BF195 /* DragonBallSwiftUICombine.xcdatamodeld */,
				2325E0B3291198BF002BF195 /* Preview Content */,
			);
			path = DragonBallSwiftUICombine;
			sourceTree = "<group>";
		};
		2325E0B3291198BF002BF195 /* Preview Content */ = {
			isa = PBXGroup;
			children = (
				2325E0B4291198BF002BF195 /* Preview Assets.xcassets */,
			);
			path = "Preview Content";
			sourceTree = "<group>";
		};
		232BBB5F2916F0200081BB54 /* Main */ = {
			isa = PBXGroup;
			children = (
				232BBB602916F0340081BB54 /* Views */,
			);
			path = Main;
			sourceTree = "<group>";
		};
		232BBB602916F0340081BB54 /* Views */ = {
			isa = PBXGroup;
			children = (
				232BBB612916F0450081BB54 /* MainView.swift */,
			);
			path = Views;
			sourceTree = "<group>";
		};
		232BBB632916F04A0081BB54 /* Models */ = {
			isa = PBXGroup;
			children = (
				232BBB672916F1730081BB54 /* HeroModel.swift */,
			);
			path = Models;
			sourceTree = "<group>";
		};
		232BBB642916F0500081BB54 /* ViewModels */ = {
			isa = PBXGroup;
			children = (
				232AE10A2918358A00C7974D /* HeroesViewModel.swift */,
			);
			path = ViewModels;
			sourceTree = "<group>";
		};
		232BBB692916F6380081BB54 /* Heroes */ = {
			isa = PBXGroup;
			children = (
				232BBB632916F04A0081BB54 /* Models */,
				232BBB6A2916F65C0081BB54 /* Views */,
				232BBB642916F0500081BB54 /* ViewModels */,
			);
			path = Heroes;
			sourceTree = "<group>";
		};
		232BBB6A2916F65C0081BB54 /* Views */ = {
			isa = PBXGroup;
			children = (
				232AE10C2918376000C7974D /* HeroesView.swift */,
				232AE110291881E900C7974D /* HeroesRowView.swift */,
				2317EF3D29196AC90037F8F5 /* HeroesDetailView.swift */,
			);
			path = Views;
			sourceTree = "<group>";
		};
		23383E9D291EEC8F00FA4634 /* Extensions */ = {
			isa = PBXGroup;
			children = (
				23383E9E291EECF100FA4634 /* NotificationCenter+Extensions.swift */,
			);
			path = Extensions;
			sourceTree = "<group>";
		};
		235A962629197315009D10E0 /* Developers */ = {
			isa = PBXGroup;
			children = (
				235A96272919731C009D10E0 /* Models */,
				235A962829197320009D10E0 /* Views */,
				235A96292919733E009D10E0 /* ViewModels */,
			);
			path = Developers;
			sourceTree = "<group>";
		};
		235A96272919731C009D10E0 /* Models */ = {
			isa = PBXGroup;
			children = (
				235A962A2919735A009D10E0 /* DeveloperModel.swift */,
			);
			path = Models;
			sourceTree = "<group>";
		};
		235A962829197320009D10E0 /* Views */ = {
			isa = PBXGroup;
			children = (
				2373E6BF291AC82E0045771C /* DevelopersView.swift */,
				2380AEED291BE746007F5C16 /* DevelopersRowView.swift */,
				231766CC291DD6C000A18F80 /* FavoritesHeroesView.swift */,
				23D27AB4291E8CD80016A1A8 /* FavoritesHeroesRowView.swift */,
			);
			path = Views;
			sourceTree = "<group>";
		};
		235A96292919733E009D10E0 /* ViewModels */ = {
			isa = PBXGroup;
			children = (
				235A962E2919799E009D10E0 /* DevelopersViewModel.swift */,
			);
			path = ViewModels;
			sourceTree = "<group>";
		};
		23C72EE9291FCBEA0003228F /* DragonBallSwiftUICombineTests */ = {
			isa = PBXGroup;
			children = (
				23C72EEA291FCBEA0003228F /* DragonBallSwiftUICombineTests.swift */,
			);
			path = DragonBallSwiftUICombineTests;
			sourceTree = "<group>";
		};
		23E918752916CCFD0042DA84 /* Common */ = {
			isa = PBXGroup;
			children = (
				23E918762916CD0E0042DA84 /* LoadingView.swift */,
				23E9187E2916D2290042DA84 /* ErrorView.swift */,
			);
			path = Common;
			sourceTree = "<group>";
		};
/* End PBXGroup section */

/* Begin PBXNativeTarget section */
		2325E0A3291198BE002BF195 /* DragonBallSwiftUICombine */ = {
			isa = PBXNativeTarget;
			buildConfigurationList = 2325E0CE291198BF002BF195 /* Build configuration list for PBXNativeTarget "DragonBallSwiftUICombine" */;
			buildPhases = (
				2325E0A0291198BE002BF195 /* Sources */,
				2325E0A1291198BE002BF195 /* Frameworks */,
				2325E0A2291198BE002BF195 /* Resources */,
			);
			buildRules = (
			);
			dependencies = (
			);
			name = DragonBallSwiftUICombine;
			packageProductDependencies = (
				230A474C2911A3F0007C726D /* KeychainSwift */,
			);
			productName = DragonBallSwiftUICombine;
			productReference = 2325E0A4291198BE002BF195 /* DragonBallSwiftUICombine.app */;
			productType = "com.apple.product-type.application";
		};
		23C72EE7291FCBEA0003228F /* DragonBallSwiftUICombineTests */ = {
			isa = PBXNativeTarget;
			buildConfigurationList = 23C72EEE291FCBEB0003228F /* Build configuration list for PBXNativeTarget "DragonBallSwiftUICombineTests" */;
			buildPhases = (
				23C72EE4291FCBEA0003228F /* Sources */,
				23C72EE5291FCBEA0003228F /* Frameworks */,
				23C72EE6291FCBEA0003228F /* Resources */,
			);
			buildRules = (
			);
			dependencies = (
				23C72EED291FCBEA0003228F /* PBXTargetDependency */,
			);
			name = DragonBallSwiftUICombineTests;
			packageProductDependencies = (
				23C72EF2291FCE810003228F /* ViewInspector */,
			);
			productName = DragonBallSwiftUICombineTests;
			productReference = 23C72EE8291FCBEA0003228F /* DragonBallSwiftUICombineTests.xctest */;
			productType = "com.apple.product-type.bundle.unit-test";
		};
/* End PBXNativeTarget section */

/* Begin PBXProject section */
		2325E09C291198BE002BF195 /* Project object */ = {
			isa = PBXProject;
			attributes = {
				BuildIndependentTargetsInParallel = 1;
				LastSwiftUpdateCheck = 1410;
				LastUpgradeCheck = 1410;
				TargetAttributes = {
					2325E0A3291198BE002BF195 = {
						CreatedOnToolsVersion = 14.1;
					};
					23C72EE7291FCBEA0003228F = {
						CreatedOnToolsVersion = 14.1;
						TestTargetID = 2325E0A3291198BE002BF195;
					};
				};
			};
			buildConfigurationList = 2325E09F291198BE002BF195 /* Build configuration list for PBXProject "DragonBallSwiftUICombine" */;
			compatibilityVersion = "Xcode 14.0";
			developmentRegion = en;
			hasScannedForEncodings = 0;
			knownRegions = (
				en,
				Base,
			);
			mainGroup = 2325E09B291198BE002BF195;
			packageReferences = (
				230A474B2911A3F0007C726D /* XCRemoteSwiftPackageReference "keychain-swift" */,
				23C72EF1291FCE810003228F /* XCRemoteSwiftPackageReference "ViewInspector" */,
			);
			productRefGroup = 2325E0A5291198BE002BF195 /* Products */;
			projectDirPath = "";
			projectRoot = "";
			targets = (
				2325E0A3291198BE002BF195 /* DragonBallSwiftUICombine */,
				23C72EE7291FCBEA0003228F /* DragonBallSwiftUICombineTests */,
			);
		};
/* End PBXProject section */

/* Begin PBXResourcesBuildPhase section */
		2325E0A2291198BE002BF195 /* Resources */ = {
			isa = PBXResourcesBuildPhase;
			buildActionMask = 2147483647;
			files = (
				2325E0B5291198BF002BF195 /* Preview Assets.xcassets in Resources */,
				2325E0B1291198BF002BF195 /* Assets.xcassets in Resources */,
			);
			runOnlyForDeploymentPostprocessing = 0;
		};
		23C72EE6291FCBEA0003228F /* Resources */ = {
			isa = PBXResourcesBuildPhase;
			buildActionMask = 2147483647;
			files = (
			);
			runOnlyForDeploymentPostprocessing = 0;
		};
/* End PBXResourcesBuildPhase section */

/* Begin PBXSourcesBuildPhase section */
		2325E0A0291198BE002BF195 /* Sources */ = {
			isa = PBXSourcesBuildPhase;
			buildActionMask = 2147483647;
			files = (
				231766CD291DD6C000A18F80 /* FavoritesHeroesView.swift in Sources */,
				230DEFFB29129FAD00983CA2 /* LoginView.swift in Sources */,
				2325E0A8291198BE002BF195 /* DragonBallSwiftUICombineApp.swift in Sources */,
				232BBB622916F0450081BB54 /* MainView.swift in Sources */,
				2325E0AA291198BE002BF195 /* Persistence.swift in Sources */,
				23E918772916CD0E0042DA84 /* LoadingView.swift in Sources */,
				2373E6C0291AC82E0045771C /* DevelopersView.swift in Sources */,
				232AE1152918892400C7974D /* LocalDataModel.swift in Sources */,
				23D27AB5291E8CD80016A1A8 /* FavoritesHeroesRowView.swift in Sources */,
				23383E9F291EECF100FA4634 /* NotificationCenter+Extensions.swift in Sources */,
				2375897B2915424300E1C2DE /* BaseNetwork.swift in Sources */,
				237589762915411700E1C2DE /* StatusModel.swift in Sources */,
				2325E0AF291198BE002BF195 /* RootView.swift in Sources */,
				23E9187F2916D2290042DA84 /* ErrorView.swift in Sources */,
				2380AEEE291BE746007F5C16 /* DevelopersRowView.swift in Sources */,
				2325E0AD291198BE002BF195 /* DragonBallSwiftUICombine.xcdatamodeld in Sources */,
				232AE10B2918358A00C7974D /* HeroesViewModel.swift in Sources */,
				23C72EF5292013D60003228F /* RegisterModel.swift in Sources */,
				237589782915414800E1C2DE /* RootViewModel.swift in Sources */,
				232AE10D2918376000C7974D /* HeroesView.swift in Sources */,
				23E918722916C78A0042DA84 /* PropertyWrappers.swift in Sources */,
				230DEFF72912969900983CA2 /* Keychain.swift in Sources */,
				232AE111291881E900C7974D /* HeroesRowView.swift in Sources */,
				2317EF3E29196AC90037F8F5 /* HeroesDetailView.swift in Sources */,
				235A962B2919735A009D10E0 /* DeveloperModel.swift in Sources */,
				232BBB682916F1730081BB54 /* HeroModel.swift in Sources */,
				235A962F2919799E009D10E0 /* DevelopersViewModel.swift in Sources */,
			);
			runOnlyForDeploymentPostprocessing = 0;
		};
		23C72EE4291FCBEA0003228F /* Sources */ = {
			isa = PBXSourcesBuildPhase;
			buildActionMask = 2147483647;
			files = (
				23C72EF6292013D60003228F /* RegisterModel.swift in Sources */,
				23C72EEB291FCBEA0003228F /* DragonBallSwiftUICombineTests.swift in Sources */,
			);
			runOnlyForDeploymentPostprocessing = 0;
		};
/* End PBXSourcesBuildPhase section */

/* Begin PBXTargetDependency section */
		23C72EED291FCBEA0003228F /* PBXTargetDependency */ = {
			isa = PBXTargetDependency;
			target = 2325E0A3291198BE002BF195 /* DragonBallSwiftUICombine */;
			targetProxy = 23C72EEC291FCBEA0003228F /* PBXContainerItemProxy */;
		};
/* End PBXTargetDependency section */

/* Begin XCBuildConfiguration section */
		2325E0CC291198BF002BF195 /* Debug */ = {
			isa = XCBuildConfiguration;
			buildSettings = {
				ALWAYS_SEARCH_USER_PATHS = NO;
				CLANG_ANALYZER_NONNULL = YES;
				CLANG_ANALYZER_NUMBER_OBJECT_CONVERSION = YES_AGGRESSIVE;
				CLANG_CXX_LANGUAGE_STANDARD = "gnu++20";
				CLANG_ENABLE_MODULES = YES;
				CLANG_ENABLE_OBJC_ARC = YES;
				CLANG_ENABLE_OBJC_WEAK = YES;
				CLANG_WARN_BLOCK_CAPTURE_AUTORELEASING = YES;
				CLANG_WARN_BOOL_CONVERSION = YES;
				CLANG_WARN_COMMA = YES;
				CLANG_WARN_CONSTANT_CONVERSION = YES;
				CLANG_WARN_DEPRECATED_OBJC_IMPLEMENTATIONS = YES;
				CLANG_WARN_DIRECT_OBJC_ISA_USAGE = YES_ERROR;
				CLANG_WARN_DOCUMENTATION_COMMENTS = YES;
				CLANG_WARN_EMPTY_BODY = YES;
				CLANG_WARN_ENUM_CONVERSION = YES;
				CLANG_WARN_INFINITE_RECURSION = YES;
				CLANG_WARN_INT_CONVERSION = YES;
				CLANG_WARN_NON_LITERAL_NULL_CONVERSION = YES;
				CLANG_WARN_OBJC_IMPLICIT_RETAIN_SELF = YES;
				CLANG_WARN_OBJC_LITERAL_CONVERSION = YES;
				CLANG_WARN_OBJC_ROOT_CLASS = YES_ERROR;
				CLANG_WARN_QUOTED_INCLUDE_IN_FRAMEWORK_HEADER = YES;
				CLANG_WARN_RANGE_LOOP_ANALYSIS = YES;
				CLANG_WARN_STRICT_PROTOTYPES = YES;
				CLANG_WARN_SUSPICIOUS_MOVE = YES;
				CLANG_WARN_UNGUARDED_AVAILABILITY = YES_AGGRESSIVE;
				CLANG_WARN_UNREACHABLE_CODE = YES;
				CLANG_WARN__DUPLICATE_METHOD_MATCH = YES;
				COPY_PHASE_STRIP = NO;
				DEBUG_INFORMATION_FORMAT = dwarf;
				ENABLE_STRICT_OBJC_MSGSEND = YES;
				ENABLE_TESTABILITY = YES;
				GCC_C_LANGUAGE_STANDARD = gnu11;
				GCC_DYNAMIC_NO_PIC = NO;
				GCC_NO_COMMON_BLOCKS = YES;
				GCC_OPTIMIZATION_LEVEL = 0;
				GCC_PREPROCESSOR_DEFINITIONS = (
					"DEBUG=1",
					"$(inherited)",
				);
				GCC_WARN_64_TO_32_BIT_CONVERSION = YES;
				GCC_WARN_ABOUT_RETURN_TYPE = YES_ERROR;
				GCC_WARN_UNDECLARED_SELECTOR = YES;
				GCC_WARN_UNINITIALIZED_AUTOS = YES_AGGRESSIVE;
				GCC_WARN_UNUSED_FUNCTION = YES;
				GCC_WARN_UNUSED_VARIABLE = YES;
				MTL_ENABLE_DEBUG_INFO = INCLUDE_SOURCE;
				MTL_FAST_MATH = YES;
				ONLY_ACTIVE_ARCH = YES;
				SWIFT_ACTIVE_COMPILATION_CONDITIONS = DEBUG;
				SWIFT_OPTIMIZATION_LEVEL = "-Onone";
			};
			name = Debug;
		};
		2325E0CD291198BF002BF195 /* Release */ = {
			isa = XCBuildConfiguration;
			buildSettings = {
				ALWAYS_SEARCH_USER_PATHS = NO;
				CLANG_ANALYZER_NONNULL = YES;
				CLANG_ANALYZER_NUMBER_OBJECT_CONVERSION = YES_AGGRESSIVE;
				CLANG_CXX_LANGUAGE_STANDARD = "gnu++20";
				CLANG_ENABLE_MODULES = YES;
				CLANG_ENABLE_OBJC_ARC = YES;
				CLANG_ENABLE_OBJC_WEAK = YES;
				CLANG_WARN_BLOCK_CAPTURE_AUTORELEASING = YES;
				CLANG_WARN_BOOL_CONVERSION = YES;
				CLANG_WARN_COMMA = YES;
				CLANG_WARN_CONSTANT_CONVERSION = YES;
				CLANG_WARN_DEPRECATED_OBJC_IMPLEMENTATIONS = YES;
				CLANG_WARN_DIRECT_OBJC_ISA_USAGE = YES_ERROR;
				CLANG_WARN_DOCUMENTATION_COMMENTS = YES;
				CLANG_WARN_EMPTY_BODY = YES;
				CLANG_WARN_ENUM_CONVERSION = YES;
				CLANG_WARN_INFINITE_RECURSION = YES;
				CLANG_WARN_INT_CONVERSION = YES;
				CLANG_WARN_NON_LITERAL_NULL_CONVERSION = YES;
				CLANG_WARN_OBJC_IMPLICIT_RETAIN_SELF = YES;
				CLANG_WARN_OBJC_LITERAL_CONVERSION = YES;
				CLANG_WARN_OBJC_ROOT_CLASS = YES_ERROR;
				CLANG_WARN_QUOTED_INCLUDE_IN_FRAMEWORK_HEADER = YES;
				CLANG_WARN_RANGE_LOOP_ANALYSIS = YES;
				CLANG_WARN_STRICT_PROTOTYPES = YES;
				CLANG_WARN_SUSPICIOUS_MOVE = YES;
				CLANG_WARN_UNGUARDED_AVAILABILITY = YES_AGGRESSIVE;
				CLANG_WARN_UNREACHABLE_CODE = YES;
				CLANG_WARN__DUPLICATE_METHOD_MATCH = YES;
				COPY_PHASE_STRIP = NO;
				DEBUG_INFORMATION_FORMAT = "dwarf-with-dsym";
				ENABLE_NS_ASSERTIONS = NO;
				ENABLE_STRICT_OBJC_MSGSEND = YES;
				GCC_C_LANGUAGE_STANDARD = gnu11;
				GCC_NO_COMMON_BLOCKS = YES;
				GCC_WARN_64_TO_32_BIT_CONVERSION = YES;
				GCC_WARN_ABOUT_RETURN_TYPE = YES_ERROR;
				GCC_WARN_UNDECLARED_SELECTOR = YES;
				GCC_WARN_UNINITIALIZED_AUTOS = YES_AGGRESSIVE;
				GCC_WARN_UNUSED_FUNCTION = YES;
				GCC_WARN_UNUSED_VARIABLE = YES;
				MTL_ENABLE_DEBUG_INFO = NO;
				MTL_FAST_MATH = YES;
				SWIFT_COMPILATION_MODE = wholemodule;
				SWIFT_OPTIMIZATION_LEVEL = "-O";
			};
			name = Release;
		};
		2325E0CF291198BF002BF195 /* Debug */ = {
			isa = XCBuildConfiguration;
			buildSettings = {
				ASSETCATALOG_COMPILER_APPICON_NAME = AppIcon;
				ASSETCATALOG_COMPILER_GLOBAL_ACCENT_COLOR_NAME = AccentColor;
				CODE_SIGN_ENTITLEMENTS = DragonBallSwiftUICombine/DragonBallSwiftUICombine.entitlements;
				CODE_SIGN_STYLE = Automatic;
				CURRENT_PROJECT_VERSION = 1;
				DEVELOPMENT_ASSET_PATHS = "\"DragonBallSwiftUICombine/Preview Content\"";
				ENABLE_PREVIEWS = YES;
				GENERATE_INFOPLIST_FILE = YES;
				"INFOPLIST_KEY_UIApplicationSceneManifest_Generation[sdk=iphoneos*]" = YES;
				"INFOPLIST_KEY_UIApplicationSceneManifest_Generation[sdk=iphonesimulator*]" = YES;
				"INFOPLIST_KEY_UIApplicationSupportsIndirectInputEvents[sdk=iphoneos*]" = YES;
				"INFOPLIST_KEY_UIApplicationSupportsIndirectInputEvents[sdk=iphonesimulator*]" = YES;
				"INFOPLIST_KEY_UILaunchScreen_Generation[sdk=iphoneos*]" = YES;
				"INFOPLIST_KEY_UILaunchScreen_Generation[sdk=iphonesimulator*]" = YES;
				"INFOPLIST_KEY_UIStatusBarStyle[sdk=iphoneos*]" = UIStatusBarStyleDefault;
				"INFOPLIST_KEY_UIStatusBarStyle[sdk=iphonesimulator*]" = UIStatusBarStyleDefault;
				INFOPLIST_KEY_UISupportedInterfaceOrientations_iPad = "UIInterfaceOrientationPortrait UIInterfaceOrientationPortraitUpsideDown UIInterfaceOrientationLandscapeLeft UIInterfaceOrientationLandscapeRight";
				INFOPLIST_KEY_UISupportedInterfaceOrientations_iPhone = "UIInterfaceOrientationPortrait UIInterfaceOrientationLandscapeLeft UIInterfaceOrientationLandscapeRight";
				IPHONEOS_DEPLOYMENT_TARGET = 16.1;
				LD_RUNPATH_SEARCH_PATHS = "@executable_path/Frameworks";
				"LD_RUNPATH_SEARCH_PATHS[sdk=macosx*]" = "@executable_path/../Frameworks";
				MACOSX_DEPLOYMENT_TARGET = 13.0;
				MARKETING_VERSION = 1.0;
				PRODUCT_BUNDLE_IDENTIFIER = com.robert.rs.DragonBallSwiftUICombine;
				PRODUCT_NAME = "$(TARGET_NAME)";
				SDKROOT = auto;
				SUPPORTED_PLATFORMS = "iphoneos iphonesimulator macosx";
				SWIFT_EMIT_LOC_STRINGS = YES;
				SWIFT_VERSION = 5.0;
				TARGETED_DEVICE_FAMILY = "1,2";
			};
			name = Debug;
		};
		2325E0D0291198BF002BF195 /* Release */ = {
			isa = XCBuildConfiguration;
			buildSettings = {
				ASSETCATALOG_COMPILER_APPICON_NAME = AppIcon;
				ASSETCATALOG_COMPILER_GLOBAL_ACCENT_COLOR_NAME = AccentColor;
				CODE_SIGN_ENTITLEMENTS = DragonBallSwiftUICombine/DragonBallSwiftUICombine.entitlements;
				CODE_SIGN_STYLE = Automatic;
				CURRENT_PROJECT_VERSION = 1;
				DEVELOPMENT_ASSET_PATHS = "\"DragonBallSwiftUICombine/Preview Content\"";
				ENABLE_PREVIEWS = YES;
				GENERATE_INFOPLIST_FILE = YES;
				"INFOPLIST_KEY_UIApplicationSceneManifest_Generation[sdk=iphoneos*]" = YES;
				"INFOPLIST_KEY_UIApplicationSceneManifest_Generation[sdk=iphonesimulator*]" = YES;
				"INFOPLIST_KEY_UIApplicationSupportsIndirectInputEvents[sdk=iphoneos*]" = YES;
				"INFOPLIST_KEY_UIApplicationSupportsIndirectInputEvents[sdk=iphonesimulator*]" = YES;
				"INFOPLIST_KEY_UILaunchScreen_Generation[sdk=iphoneos*]" = YES;
				"INFOPLIST_KEY_UILaunchScreen_Generation[sdk=iphonesimulator*]" = YES;
				"INFOPLIST_KEY_UIStatusBarStyle[sdk=iphoneos*]" = UIStatusBarStyleDefault;
				"INFOPLIST_KEY_UIStatusBarStyle[sdk=iphonesimulator*]" = UIStatusBarStyleDefault;
				INFOPLIST_KEY_UISupportedInterfaceOrientations_iPad = "UIInterfaceOrientationPortrait UIInterfaceOrientationPortraitUpsideDown UIInterfaceOrientationLandscapeLeft UIInterfaceOrientationLandscapeRight";
				INFOPLIST_KEY_UISupportedInterfaceOrientations_iPhone = "UIInterfaceOrientationPortrait UIInterfaceOrientationLandscapeLeft UIInterfaceOrientationLandscapeRight";
				IPHONEOS_DEPLOYMENT_TARGET = 16.1;
				LD_RUNPATH_SEARCH_PATHS = "@executable_path/Frameworks";
				"LD_RUNPATH_SEARCH_PATHS[sdk=macosx*]" = "@executable_path/../Frameworks";
				MACOSX_DEPLOYMENT_TARGET = 13.0;
				MARKETING_VERSION = 1.0;
				PRODUCT_BUNDLE_IDENTIFIER = com.robert.rs.DragonBallSwiftUICombine;
				PRODUCT_NAME = "$(TARGET_NAME)";
				SDKROOT = auto;
				SUPPORTED_PLATFORMS = "iphoneos iphonesimulator macosx";
				SWIFT_EMIT_LOC_STRINGS = YES;
				SWIFT_VERSION = 5.0;
				TARGETED_DEVICE_FAMILY = "1,2";
			};
			name = Release;
		};
		23C72EEF291FCBEB0003228F /* Debug */ = {
			isa = XCBuildConfiguration;
			buildSettings = {
				BUNDLE_LOADER = "$(TEST_HOST)";
				CODE_SIGN_STYLE = Automatic;
				CURRENT_PROJECT_VERSION = 1;
				GENERATE_INFOPLIST_FILE = YES;
				IPHONEOS_DEPLOYMENT_TARGET = 16.1;
				MARKETING_VERSION = 1.0;
				PRODUCT_BUNDLE_IDENTIFIER = com.robert.rs.DragonBallSwiftUICombine.DragonBallSwiftUICombineTests;
				PRODUCT_NAME = "$(TARGET_NAME)";
				SDKROOT = iphoneos;
				SWIFT_EMIT_LOC_STRINGS = NO;
				SWIFT_VERSION = 5.0;
				TARGETED_DEVICE_FAMILY = "1,2";
				TEST_HOST = "$(BUILT_PRODUCTS_DIR)/DragonBallSwiftUICombine.app/$(BUNDLE_EXECUTABLE_FOLDER_PATH)/DragonBallSwiftUICombine";
			};
			name = Debug;
		};
		23C72EF0291FCBEB0003228F /* Release */ = {
			isa = XCBuildConfiguration;
			buildSettings = {
				BUNDLE_LOADER = "$(TEST_HOST)";
				CODE_SIGN_STYLE = Automatic;
				CURRENT_PROJECT_VERSION = 1;
				GENERATE_INFOPLIST_FILE = YES;
				IPHONEOS_DEPLOYMENT_TARGET = 16.1;
				MARKETING_VERSION = 1.0;
				PRODUCT_BUNDLE_IDENTIFIER = com.robert.rs.DragonBallSwiftUICombine.DragonBallSwiftUICombineTests;
				PRODUCT_NAME = "$(TARGET_NAME)";
				SDKROOT = iphoneos;
				SWIFT_EMIT_LOC_STRINGS = NO;
				SWIFT_VERSION = 5.0;
				TARGETED_DEVICE_FAMILY = "1,2";
				TEST_HOST = "$(BUILT_PRODUCTS_DIR)/DragonBallSwiftUICombine.app/$(BUNDLE_EXECUTABLE_FOLDER_PATH)/DragonBallSwiftUICombine";
				VALIDATE_PRODUCT = YES;
			};
			name = Release;
		};
/* End XCBuildConfiguration section */

/* Begin XCConfigurationList section */
		2325E09F291198BE002BF195 /* Build configuration list for PBXProject "DragonBallSwiftUICombine" */ = {
			isa = XCConfigurationList;
			buildConfigurations = (
				2325E0CC291198BF002BF195 /* Debug */,
				2325E0CD291198BF002BF195 /* Release */,
			);
			defaultConfigurationIsVisible = 0;
			defaultConfigurationName = Release;
		};
		2325E0CE291198BF002BF195 /* Build configuration list for PBXNativeTarget "DragonBallSwiftUICombine" */ = {
			isa = XCConfigurationList;
			buildConfigurations = (
				2325E0CF291198BF002BF195 /* Debug */,
				2325E0D0291198BF002BF195 /* Release */,
			);
			defaultConfigurationIsVisible = 0;
			defaultConfigurationName = Release;
		};
		23C72EEE291FCBEB0003228F /* Build configuration list for PBXNativeTarget "DragonBallSwiftUICombineTests" */ = {
			isa = XCConfigurationList;
			buildConfigurations = (
				23C72EEF291FCBEB0003228F /* Debug */,
				23C72EF0291FCBEB0003228F /* Release */,
			);
			defaultConfigurationIsVisible = 0;
			defaultConfigurationName = Release;
		};
/* End XCConfigurationList section */

/* Begin XCRemoteSwiftPackageReference section */
		230A474B2911A3F0007C726D /* XCRemoteSwiftPackageReference "keychain-swift" */ = {
			isa = XCRemoteSwiftPackageReference;
			repositoryURL = "https://github.com/evgenyneu/keychain-swift";
			requirement = {
				branch = master;
				kind = branch;
			};
		};
		23C72EF1291FCE810003228F /* XCRemoteSwiftPackageReference "ViewInspector" */ = {
			isa = XCRemoteSwiftPackageReference;
			repositoryURL = "https://github.com/nalexn/ViewInspector";
			requirement = {
				branch = master;
				kind = branch;
			};
		};
/* End XCRemoteSwiftPackageReference section */

/* Begin XCSwiftPackageProductDependency section */
		230A474C2911A3F0007C726D /* KeychainSwift */ = {
			isa = XCSwiftPackageProductDependency;
			package = 230A474B2911A3F0007C726D /* XCRemoteSwiftPackageReference "keychain-swift" */;
			productName = KeychainSwift;
		};
		23C72EF2291FCE810003228F /* ViewInspector */ = {
			isa = XCSwiftPackageProductDependency;
			package = 23C72EF1291FCE810003228F /* XCRemoteSwiftPackageReference "ViewInspector" */;
			productName = ViewInspector;
		};
/* End XCSwiftPackageProductDependency section */

/* Begin XCVersionGroup section */
		2325E0AB291198BE002BF195 /* DragonBallSwiftUICombine.xcdatamodeld */ = {
			isa = XCVersionGroup;
			children = (
				2325E0AC291198BE002BF195 /* DragonBallSwiftUICombine.xcdatamodel */,
			);
			currentVersion = 2325E0AC291198BE002BF195 /* DragonBallSwiftUICombine.xcdatamodel */;
			path = DragonBallSwiftUICombine.xcdatamodeld;
			sourceTree = "<group>";
			versionGroupType = wrapper.xcdatamodel;
		};
/* End XCVersionGroup section */
	};
	rootObject = 2325E09C291198BE002BF195 /* Project object */;
}
